# This file is automatically @generated by Poetry 1.6.1 and should not be changed by hand.

[[package]]
name = "astroid"
version = "3.0.1"
description = "An abstract syntax tree for Python with inference support."
optional = false
python-versions = ">=3.8.0"
files = [
    {file = "astroid-3.0.1-py3-none-any.whl", hash = "sha256:7d5895c9825e18079c5aeac0572bc2e4c83205c95d416e0b4fee8bc361d2d9ca"},
    {file = "astroid-3.0.1.tar.gz", hash = "sha256:86b0bb7d7da0be1a7c4aedb7974e391b32d4ed89e33de6ed6902b4b15c97577e"},
]

[package.dependencies]
typing-extensions = {version = ">=4.0.0", markers = "python_version < \"3.11\""}

[[package]]
name = "black"
version = "23.10.1"
description = "The uncompromising code formatter."
optional = false
python-versions = ">=3.8"
files = [
    {file = "black-23.10.1-cp310-cp310-macosx_10_16_arm64.whl", hash = "sha256:ec3f8e6234c4e46ff9e16d9ae96f4ef69fa328bb4ad08198c8cee45bb1f08c69"},
    {file = "black-23.10.1-cp310-cp310-macosx_10_16_x86_64.whl", hash = "sha256:1b917a2aa020ca600483a7b340c165970b26e9029067f019e3755b56e8dd5916"},
    {file = "black-23.10.1-cp310-cp310-manylinux_2_17_x86_64.manylinux2014_x86_64.whl", hash = "sha256:9c74de4c77b849e6359c6f01987e94873c707098322b91490d24296f66d067dc"},
    {file = "black-23.10.1-cp310-cp310-win_amd64.whl", hash = "sha256:7b4d10b0f016616a0d93d24a448100adf1699712fb7a4efd0e2c32bbb219b173"},
    {file = "black-23.10.1-cp311-cp311-macosx_10_16_arm64.whl", hash = "sha256:b15b75fc53a2fbcac8a87d3e20f69874d161beef13954747e053bca7a1ce53a0"},
    {file = "black-23.10.1-cp311-cp311-macosx_10_16_x86_64.whl", hash = "sha256:e293e4c2f4a992b980032bbd62df07c1bcff82d6964d6c9496f2cd726e246ace"},
    {file = "black-23.10.1-cp311-cp311-manylinux_2_17_x86_64.manylinux2014_x86_64.whl", hash = "sha256:7d56124b7a61d092cb52cce34182a5280e160e6aff3137172a68c2c2c4b76bcb"},
    {file = "black-23.10.1-cp311-cp311-win_amd64.whl", hash = "sha256:3f157a8945a7b2d424da3335f7ace89c14a3b0625e6593d21139c2d8214d55ce"},
    {file = "black-23.10.1-cp38-cp38-macosx_10_16_arm64.whl", hash = "sha256:cfcce6f0a384d0da692119f2d72d79ed07c7159879d0bb1bb32d2e443382bf3a"},
    {file = "black-23.10.1-cp38-cp38-macosx_10_16_x86_64.whl", hash = "sha256:33d40f5b06be80c1bbce17b173cda17994fbad096ce60eb22054da021bf933d1"},
    {file = "black-23.10.1-cp38-cp38-manylinux_2_17_x86_64.manylinux2014_x86_64.whl", hash = "sha256:840015166dbdfbc47992871325799fd2dc0dcf9395e401ada6d88fe11498abad"},
    {file = "black-23.10.1-cp38-cp38-win_amd64.whl", hash = "sha256:037e9b4664cafda5f025a1728c50a9e9aedb99a759c89f760bd83730e76ba884"},
    {file = "black-23.10.1-cp39-cp39-macosx_10_16_arm64.whl", hash = "sha256:7cb5936e686e782fddb1c73f8aa6f459e1ad38a6a7b0e54b403f1f05a1507ee9"},
    {file = "black-23.10.1-cp39-cp39-macosx_10_16_x86_64.whl", hash = "sha256:7670242e90dc129c539e9ca17665e39a146a761e681805c54fbd86015c7c84f7"},
    {file = "black-23.10.1-cp39-cp39-manylinux_2_17_x86_64.manylinux2014_x86_64.whl", hash = "sha256:5ed45ac9a613fb52dad3b61c8dea2ec9510bf3108d4db88422bacc7d1ba1243d"},
    {file = "black-23.10.1-cp39-cp39-win_amd64.whl", hash = "sha256:6d23d7822140e3fef190734216cefb262521789367fbdc0b3f22af6744058982"},
    {file = "black-23.10.1-py3-none-any.whl", hash = "sha256:d431e6739f727bb2e0495df64a6c7a5310758e87505f5f8cde9ff6c0f2d7e4fe"},
    {file = "black-23.10.1.tar.gz", hash = "sha256:1f8ce316753428ff68749c65a5f7844631aa18c8679dfd3ca9dc1a289979c258"},
]

[package.dependencies]
click = ">=8.0.0"
mypy-extensions = ">=0.4.3"
packaging = ">=22.0"
pathspec = ">=0.9.0"
platformdirs = ">=2"
tomli = {version = ">=1.1.0", markers = "python_version < \"3.11\""}
typing-extensions = {version = ">=4.0.1", markers = "python_version < \"3.11\""}

[package.extras]
colorama = ["colorama (>=0.4.3)"]
d = ["aiohttp (>=3.7.4)"]
jupyter = ["ipython (>=7.8.0)", "tokenize-rt (>=3.2.0)"]
uvloop = ["uvloop (>=0.15.2)"]

[[package]]
name = "certifi"
version = "2023.7.22"
description = "Python package for providing Mozilla's CA Bundle."
optional = false
python-versions = ">=3.6"
files = [
    {file = "certifi-2023.7.22-py3-none-any.whl", hash = "sha256:92d6037539857d8206b8f6ae472e8b77db8058fec5937a1ef3f54304089edbb9"},
    {file = "certifi-2023.7.22.tar.gz", hash = "sha256:539cc1d13202e33ca466e88b2807e29f4c13049d6d87031a3c110744495cb082"},
]

[[package]]
name = "charset-normalizer"
version = "3.3.0"
description = "The Real First Universal Charset Detector. Open, modern and actively maintained alternative to Chardet."
optional = false
python-versions = ">=3.7.0"
files = [
    {file = "charset-normalizer-3.3.0.tar.gz", hash = "sha256:63563193aec44bce707e0c5ca64ff69fa72ed7cf34ce6e11d5127555756fd2f6"},
    {file = "charset_normalizer-3.3.0-cp310-cp310-macosx_10_9_universal2.whl", hash = "sha256:effe5406c9bd748a871dbcaf3ac69167c38d72db8c9baf3ff954c344f31c4cbe"},
    {file = "charset_normalizer-3.3.0-cp310-cp310-macosx_10_9_x86_64.whl", hash = "sha256:4162918ef3098851fcd8a628bf9b6a98d10c380725df9e04caf5ca6dd48c847a"},
    {file = "charset_normalizer-3.3.0-cp310-cp310-macosx_11_0_arm64.whl", hash = "sha256:0570d21da019941634a531444364f2482e8db0b3425fcd5ac0c36565a64142c8"},
    {file = "charset_normalizer-3.3.0-cp310-cp310-manylinux_2_17_aarch64.manylinux2014_aarch64.whl", hash = "sha256:5707a746c6083a3a74b46b3a631d78d129edab06195a92a8ece755aac25a3f3d"},
    {file = "charset_normalizer-3.3.0-cp310-cp310-manylinux_2_17_ppc64le.manylinux2014_ppc64le.whl", hash = "sha256:278c296c6f96fa686d74eb449ea1697f3c03dc28b75f873b65b5201806346a69"},
    {file = "charset_normalizer-3.3.0-cp310-cp310-manylinux_2_17_s390x.manylinux2014_s390x.whl", hash = "sha256:a4b71f4d1765639372a3b32d2638197f5cd5221b19531f9245fcc9ee62d38f56"},
    {file = "charset_normalizer-3.3.0-cp310-cp310-manylinux_2_17_x86_64.manylinux2014_x86_64.whl", hash = "sha256:f5969baeaea61c97efa706b9b107dcba02784b1601c74ac84f2a532ea079403e"},
    {file = "charset_normalizer-3.3.0-cp310-cp310-manylinux_2_5_i686.manylinux1_i686.manylinux_2_17_i686.manylinux2014_i686.whl", hash = "sha256:a3f93dab657839dfa61025056606600a11d0b696d79386f974e459a3fbc568ec"},
    {file = "charset_normalizer-3.3.0-cp310-cp310-musllinux_1_1_aarch64.whl", hash = "sha256:db756e48f9c5c607b5e33dd36b1d5872d0422e960145b08ab0ec7fd420e9d649"},
    {file = "charset_normalizer-3.3.0-cp310-cp310-musllinux_1_1_i686.whl", hash = "sha256:232ac332403e37e4a03d209a3f92ed9071f7d3dbda70e2a5e9cff1c4ba9f0678"},
    {file = "charset_normalizer-3.3.0-cp310-cp310-musllinux_1_1_ppc64le.whl", hash = "sha256:e5c1502d4ace69a179305abb3f0bb6141cbe4714bc9b31d427329a95acfc8bdd"},
    {file = "charset_normalizer-3.3.0-cp310-cp310-musllinux_1_1_s390x.whl", hash = "sha256:2502dd2a736c879c0f0d3e2161e74d9907231e25d35794584b1ca5284e43f596"},
    {file = "charset_normalizer-3.3.0-cp310-cp310-musllinux_1_1_x86_64.whl", hash = "sha256:23e8565ab7ff33218530bc817922fae827420f143479b753104ab801145b1d5b"},
    {file = "charset_normalizer-3.3.0-cp310-cp310-win32.whl", hash = "sha256:1872d01ac8c618a8da634e232f24793883d6e456a66593135aeafe3784b0848d"},
    {file = "charset_normalizer-3.3.0-cp310-cp310-win_amd64.whl", hash = "sha256:557b21a44ceac6c6b9773bc65aa1b4cc3e248a5ad2f5b914b91579a32e22204d"},
    {file = "charset_normalizer-3.3.0-cp311-cp311-macosx_10_9_universal2.whl", hash = "sha256:d7eff0f27edc5afa9e405f7165f85a6d782d308f3b6b9d96016c010597958e63"},
    {file = "charset_normalizer-3.3.0-cp311-cp311-macosx_10_9_x86_64.whl", hash = "sha256:6a685067d05e46641d5d1623d7c7fdf15a357546cbb2f71b0ebde91b175ffc3e"},
    {file = "charset_normalizer-3.3.0-cp311-cp311-macosx_11_0_arm64.whl", hash = "sha256:0d3d5b7db9ed8a2b11a774db2bbea7ba1884430a205dbd54a32d61d7c2a190fa"},
    {file = "charset_normalizer-3.3.0-cp311-cp311-manylinux_2_17_aarch64.manylinux2014_aarch64.whl", hash = "sha256:2935ffc78db9645cb2086c2f8f4cfd23d9b73cc0dc80334bc30aac6f03f68f8c"},
    {file = "charset_normalizer-3.3.0-cp311-cp311-manylinux_2_17_ppc64le.manylinux2014_ppc64le.whl", hash = "sha256:9fe359b2e3a7729010060fbca442ca225280c16e923b37db0e955ac2a2b72a05"},
    {file = "charset_normalizer-3.3.0-cp311-cp311-manylinux_2_17_s390x.manylinux2014_s390x.whl", hash = "sha256:380c4bde80bce25c6e4f77b19386f5ec9db230df9f2f2ac1e5ad7af2caa70459"},
    {file = "charset_normalizer-3.3.0-cp311-cp311-manylinux_2_17_x86_64.manylinux2014_x86_64.whl", hash = "sha256:f0d1e3732768fecb052d90d62b220af62ead5748ac51ef61e7b32c266cac9293"},
    {file = "charset_normalizer-3.3.0-cp311-cp311-manylinux_2_5_i686.manylinux1_i686.manylinux_2_17_i686.manylinux2014_i686.whl", hash = "sha256:1b2919306936ac6efb3aed1fbf81039f7087ddadb3160882a57ee2ff74fd2382"},
    {file = "charset_normalizer-3.3.0-cp311-cp311-musllinux_1_1_aarch64.whl", hash = "sha256:f8888e31e3a85943743f8fc15e71536bda1c81d5aa36d014a3c0c44481d7db6e"},
    {file = "charset_normalizer-3.3.0-cp311-cp311-musllinux_1_1_i686.whl", hash = "sha256:82eb849f085624f6a607538ee7b83a6d8126df6d2f7d3b319cb837b289123078"},
    {file = "charset_normalizer-3.3.0-cp311-cp311-musllinux_1_1_ppc64le.whl", hash = "sha256:7b8b8bf1189b3ba9b8de5c8db4d541b406611a71a955bbbd7385bbc45fcb786c"},
    {file = "charset_normalizer-3.3.0-cp311-cp311-musllinux_1_1_s390x.whl", hash = "sha256:5adf257bd58c1b8632046bbe43ee38c04e1038e9d37de9c57a94d6bd6ce5da34"},
    {file = "charset_normalizer-3.3.0-cp311-cp311-musllinux_1_1_x86_64.whl", hash = "sha256:c350354efb159b8767a6244c166f66e67506e06c8924ed74669b2c70bc8735b1"},
    {file = "charset_normalizer-3.3.0-cp311-cp311-win32.whl", hash = "sha256:02af06682e3590ab952599fbadac535ede5d60d78848e555aa58d0c0abbde786"},
    {file = "charset_normalizer-3.3.0-cp311-cp311-win_amd64.whl", hash = "sha256:86d1f65ac145e2c9ed71d8ffb1905e9bba3a91ae29ba55b4c46ae6fc31d7c0d4"},
    {file = "charset_normalizer-3.3.0-cp312-cp312-macosx_10_9_universal2.whl", hash = "sha256:3b447982ad46348c02cb90d230b75ac34e9886273df3a93eec0539308a6296d7"},
    {file = "charset_normalizer-3.3.0-cp312-cp312-macosx_10_9_x86_64.whl", hash = "sha256:abf0d9f45ea5fb95051c8bfe43cb40cda383772f7e5023a83cc481ca2604d74e"},
    {file = "charset_normalizer-3.3.0-cp312-cp312-macosx_11_0_arm64.whl", hash = "sha256:b09719a17a2301178fac4470d54b1680b18a5048b481cb8890e1ef820cb80455"},
    {file = "charset_normalizer-3.3.0-cp312-cp312-manylinux_2_17_aarch64.manylinux2014_aarch64.whl", hash = "sha256:b3d9b48ee6e3967b7901c052b670c7dda6deb812c309439adaffdec55c6d7b78"},
    {file = "charset_normalizer-3.3.0-cp312-cp312-manylinux_2_17_ppc64le.manylinux2014_ppc64le.whl", hash = "sha256:edfe077ab09442d4ef3c52cb1f9dab89bff02f4524afc0acf2d46be17dc479f5"},
    {file = "charset_normalizer-3.3.0-cp312-cp312-manylinux_2_17_s390x.manylinux2014_s390x.whl", hash = "sha256:3debd1150027933210c2fc321527c2299118aa929c2f5a0a80ab6953e3bd1908"},
    {file = "charset_normalizer-3.3.0-cp312-cp312-manylinux_2_17_x86_64.manylinux2014_x86_64.whl", hash = "sha256:86f63face3a527284f7bb8a9d4f78988e3c06823f7bea2bd6f0e0e9298ca0403"},
    {file = "charset_normalizer-3.3.0-cp312-cp312-manylinux_2_5_i686.manylinux1_i686.manylinux_2_17_i686.manylinux2014_i686.whl", hash = "sha256:24817cb02cbef7cd499f7c9a2735286b4782bd47a5b3516a0e84c50eab44b98e"},
    {file = "charset_normalizer-3.3.0-cp312-cp312-musllinux_1_1_aarch64.whl", hash = "sha256:c71f16da1ed8949774ef79f4a0260d28b83b3a50c6576f8f4f0288d109777989"},
    {file = "charset_normalizer-3.3.0-cp312-cp312-musllinux_1_1_i686.whl", hash = "sha256:9cf3126b85822c4e53aa28c7ec9869b924d6fcfb76e77a45c44b83d91afd74f9"},
    {file = "charset_normalizer-3.3.0-cp312-cp312-musllinux_1_1_ppc64le.whl", hash = "sha256:b3b2316b25644b23b54a6f6401074cebcecd1244c0b8e80111c9a3f1c8e83d65"},
    {file = "charset_normalizer-3.3.0-cp312-cp312-musllinux_1_1_s390x.whl", hash = "sha256:03680bb39035fbcffe828eae9c3f8afc0428c91d38e7d61aa992ef7a59fb120e"},
    {file = "charset_normalizer-3.3.0-cp312-cp312-musllinux_1_1_x86_64.whl", hash = "sha256:4cc152c5dd831641e995764f9f0b6589519f6f5123258ccaca8c6d34572fefa8"},
    {file = "charset_normalizer-3.3.0-cp312-cp312-win32.whl", hash = "sha256:b8f3307af845803fb0b060ab76cf6dd3a13adc15b6b451f54281d25911eb92df"},
    {file = "charset_normalizer-3.3.0-cp312-cp312-win_amd64.whl", hash = "sha256:8eaf82f0eccd1505cf39a45a6bd0a8cf1c70dcfc30dba338207a969d91b965c0"},
    {file = "charset_normalizer-3.3.0-cp37-cp37m-macosx_10_9_x86_64.whl", hash = "sha256:dc45229747b67ffc441b3de2f3ae5e62877a282ea828a5bdb67883c4ee4a8810"},
    {file = "charset_normalizer-3.3.0-cp37-cp37m-manylinux_2_17_aarch64.manylinux2014_aarch64.whl", hash = "sha256:2f4a0033ce9a76e391542c182f0d48d084855b5fcba5010f707c8e8c34663d77"},
    {file = "charset_normalizer-3.3.0-cp37-cp37m-manylinux_2_17_ppc64le.manylinux2014_ppc64le.whl", hash = "sha256:ada214c6fa40f8d800e575de6b91a40d0548139e5dc457d2ebb61470abf50186"},
    {file = "charset_normalizer-3.3.0-cp37-cp37m-manylinux_2_17_s390x.manylinux2014_s390x.whl", hash = "sha256:b1121de0e9d6e6ca08289583d7491e7fcb18a439305b34a30b20d8215922d43c"},
    {file = "charset_normalizer-3.3.0-cp37-cp37m-manylinux_2_17_x86_64.manylinux2014_x86_64.whl", hash = "sha256:1063da2c85b95f2d1a430f1c33b55c9c17ffaf5e612e10aeaad641c55a9e2b9d"},
    {file = "charset_normalizer-3.3.0-cp37-cp37m-manylinux_2_5_i686.manylinux1_i686.manylinux_2_17_i686.manylinux2014_i686.whl", hash = "sha256:70f1d09c0d7748b73290b29219e854b3207aea922f839437870d8cc2168e31cc"},
    {file = "charset_normalizer-3.3.0-cp37-cp37m-musllinux_1_1_aarch64.whl", hash = "sha256:250c9eb0f4600361dd80d46112213dff2286231d92d3e52af1e5a6083d10cad9"},
    {file = "charset_normalizer-3.3.0-cp37-cp37m-musllinux_1_1_i686.whl", hash = "sha256:750b446b2ffce1739e8578576092179160f6d26bd5e23eb1789c4d64d5af7dc7"},
    {file = "charset_normalizer-3.3.0-cp37-cp37m-musllinux_1_1_ppc64le.whl", hash = "sha256:fc52b79d83a3fe3a360902d3f5d79073a993597d48114c29485e9431092905d8"},
    {file = "charset_normalizer-3.3.0-cp37-cp37m-musllinux_1_1_s390x.whl", hash = "sha256:588245972aca710b5b68802c8cad9edaa98589b1b42ad2b53accd6910dad3545"},
    {file = "charset_normalizer-3.3.0-cp37-cp37m-musllinux_1_1_x86_64.whl", hash = "sha256:e39c7eb31e3f5b1f88caff88bcff1b7f8334975b46f6ac6e9fc725d829bc35d4"},
    {file = "charset_normalizer-3.3.0-cp37-cp37m-win32.whl", hash = "sha256:abecce40dfebbfa6abf8e324e1860092eeca6f7375c8c4e655a8afb61af58f2c"},
    {file = "charset_normalizer-3.3.0-cp37-cp37m-win_amd64.whl", hash = "sha256:24a91a981f185721542a0b7c92e9054b7ab4fea0508a795846bc5b0abf8118d4"},
    {file = "charset_normalizer-3.3.0-cp38-cp38-macosx_10_9_universal2.whl", hash = "sha256:67b8cc9574bb518ec76dc8e705d4c39ae78bb96237cb533edac149352c1f39fe"},
    {file = "charset_normalizer-3.3.0-cp38-cp38-macosx_10_9_x86_64.whl", hash = "sha256:ac71b2977fb90c35d41c9453116e283fac47bb9096ad917b8819ca8b943abecd"},
    {file = "charset_normalizer-3.3.0-cp38-cp38-macosx_11_0_arm64.whl", hash = "sha256:3ae38d325b512f63f8da31f826e6cb6c367336f95e418137286ba362925c877e"},
    {file = "charset_normalizer-3.3.0-cp38-cp38-manylinux_2_17_aarch64.manylinux2014_aarch64.whl", hash = "sha256:542da1178c1c6af8873e143910e2269add130a299c9106eef2594e15dae5e482"},
    {file = "charset_normalizer-3.3.0-cp38-cp38-manylinux_2_17_ppc64le.manylinux2014_ppc64le.whl", hash = "sha256:30a85aed0b864ac88309b7d94be09f6046c834ef60762a8833b660139cfbad13"},
    {file = "charset_normalizer-3.3.0-cp38-cp38-manylinux_2_17_s390x.manylinux2014_s390x.whl", hash = "sha256:aae32c93e0f64469f74ccc730a7cb21c7610af3a775157e50bbd38f816536b38"},
    {file = "charset_normalizer-3.3.0-cp38-cp38-manylinux_2_17_x86_64.manylinux2014_x86_64.whl", hash = "sha256:15b26ddf78d57f1d143bdf32e820fd8935d36abe8a25eb9ec0b5a71c82eb3895"},
    {file = "charset_normalizer-3.3.0-cp38-cp38-manylinux_2_5_i686.manylinux1_i686.manylinux_2_17_i686.manylinux2014_i686.whl", hash = "sha256:7f5d10bae5d78e4551b7be7a9b29643a95aded9d0f602aa2ba584f0388e7a557"},
    {file = "charset_normalizer-3.3.0-cp38-cp38-musllinux_1_1_aarch64.whl", hash = "sha256:249c6470a2b60935bafd1d1d13cd613f8cd8388d53461c67397ee6a0f5dce741"},
    {file = "charset_normalizer-3.3.0-cp38-cp38-musllinux_1_1_i686.whl", hash = "sha256:c5a74c359b2d47d26cdbbc7845e9662d6b08a1e915eb015d044729e92e7050b7"},
    {file = "charset_normalizer-3.3.0-cp38-cp38-musllinux_1_1_ppc64le.whl", hash = "sha256:b5bcf60a228acae568e9911f410f9d9e0d43197d030ae5799e20dca8df588287"},
    {file = "charset_normalizer-3.3.0-cp38-cp38-musllinux_1_1_s390x.whl", hash = "sha256:187d18082694a29005ba2944c882344b6748d5be69e3a89bf3cc9d878e548d5a"},
    {file = "charset_normalizer-3.3.0-cp38-cp38-musllinux_1_1_x86_64.whl", hash = "sha256:81bf654678e575403736b85ba3a7867e31c2c30a69bc57fe88e3ace52fb17b89"},
    {file = "charset_normalizer-3.3.0-cp38-cp38-win32.whl", hash = "sha256:85a32721ddde63c9df9ebb0d2045b9691d9750cb139c161c80e500d210f5e26e"},
    {file = "charset_normalizer-3.3.0-cp38-cp38-win_amd64.whl", hash = "sha256:468d2a840567b13a590e67dd276c570f8de00ed767ecc611994c301d0f8c014f"},
    {file = "charset_normalizer-3.3.0-cp39-cp39-macosx_10_9_universal2.whl", hash = "sha256:e0fc42822278451bc13a2e8626cf2218ba570f27856b536e00cfa53099724828"},
    {file = "charset_normalizer-3.3.0-cp39-cp39-macosx_10_9_x86_64.whl", hash = "sha256:09c77f964f351a7369cc343911e0df63e762e42bac24cd7d18525961c81754f4"},
    {file = "charset_normalizer-3.3.0-cp39-cp39-macosx_11_0_arm64.whl", hash = "sha256:12ebea541c44fdc88ccb794a13fe861cc5e35d64ed689513a5c03d05b53b7c82"},
    {file = "charset_normalizer-3.3.0-cp39-cp39-manylinux_2_17_aarch64.manylinux2014_aarch64.whl", hash = "sha256:805dfea4ca10411a5296bcc75638017215a93ffb584c9e344731eef0dcfb026a"},
    {file = "charset_normalizer-3.3.0-cp39-cp39-manylinux_2_17_ppc64le.manylinux2014_ppc64le.whl", hash = "sha256:96c2b49eb6a72c0e4991d62406e365d87067ca14c1a729a870d22354e6f68115"},
    {file = "charset_normalizer-3.3.0-cp39-cp39-manylinux_2_17_s390x.manylinux2014_s390x.whl", hash = "sha256:aaf7b34c5bc56b38c931a54f7952f1ff0ae77a2e82496583b247f7c969eb1479"},
    {file = "charset_normalizer-3.3.0-cp39-cp39-manylinux_2_17_x86_64.manylinux2014_x86_64.whl", hash = "sha256:619d1c96099be5823db34fe89e2582b336b5b074a7f47f819d6b3a57ff7bdb86"},
    {file = "charset_normalizer-3.3.0-cp39-cp39-manylinux_2_5_i686.manylinux1_i686.manylinux_2_17_i686.manylinux2014_i686.whl", hash = "sha256:a0ac5e7015a5920cfce654c06618ec40c33e12801711da6b4258af59a8eff00a"},
    {file = "charset_normalizer-3.3.0-cp39-cp39-musllinux_1_1_aarch64.whl", hash = "sha256:93aa7eef6ee71c629b51ef873991d6911b906d7312c6e8e99790c0f33c576f89"},
    {file = "charset_normalizer-3.3.0-cp39-cp39-musllinux_1_1_i686.whl", hash = "sha256:7966951325782121e67c81299a031f4c115615e68046f79b85856b86ebffc4cd"},
    {file = "charset_normalizer-3.3.0-cp39-cp39-musllinux_1_1_ppc64le.whl", hash = "sha256:02673e456dc5ab13659f85196c534dc596d4ef260e4d86e856c3b2773ce09843"},
    {file = "charset_normalizer-3.3.0-cp39-cp39-musllinux_1_1_s390x.whl", hash = "sha256:c2af80fb58f0f24b3f3adcb9148e6203fa67dd3f61c4af146ecad033024dde43"},
    {file = "charset_normalizer-3.3.0-cp39-cp39-musllinux_1_1_x86_64.whl", hash = "sha256:153e7b6e724761741e0974fc4dcd406d35ba70b92bfe3fedcb497226c93b9da7"},
    {file = "charset_normalizer-3.3.0-cp39-cp39-win32.whl", hash = "sha256:d47ecf253780c90ee181d4d871cd655a789da937454045b17b5798da9393901a"},
    {file = "charset_normalizer-3.3.0-cp39-cp39-win_amd64.whl", hash = "sha256:d97d85fa63f315a8bdaba2af9a6a686e0eceab77b3089af45133252618e70884"},
    {file = "charset_normalizer-3.3.0-py3-none-any.whl", hash = "sha256:e46cd37076971c1040fc8c41273a8b3e2c624ce4f2be3f5dfcb7a430c1d3acc2"},
]

[[package]]
name = "click"
version = "8.1.7"
description = "Composable command line interface toolkit"
optional = false
python-versions = ">=3.7"
files = [
    {file = "click-8.1.7-py3-none-any.whl", hash = "sha256:ae74fb96c20a0277a1d615f1e4d73c8414f5a98db8b799a7931d1582f3390c28"},
    {file = "click-8.1.7.tar.gz", hash = "sha256:ca9853ad459e787e2192211578cc907e7594e294c7ccc834310722b41b9ca6de"},
]

[package.dependencies]
colorama = {version = "*", markers = "platform_system == \"Windows\""}

[[package]]
name = "colorama"
version = "0.4.6"
description = "Cross-platform colored terminal text."
optional = false
python-versions = "!=3.0.*,!=3.1.*,!=3.2.*,!=3.3.*,!=3.4.*,!=3.5.*,!=3.6.*,>=2.7"
files = [
    {file = "colorama-0.4.6-py2.py3-none-any.whl", hash = "sha256:4f1d9991f5acc0ca119f9d443620b77f9d6b33703e51011c16baf57afb285fc6"},
    {file = "colorama-0.4.6.tar.gz", hash = "sha256:08695f5cb7ed6e0531a20572697297273c47b8cae5a63ffc6d6ed5c201be6e44"},
]

[[package]]
name = "dill"
version = "0.3.7"
description = "serialize all of Python"
optional = false
python-versions = ">=3.7"
files = [
    {file = "dill-0.3.7-py3-none-any.whl", hash = "sha256:76b122c08ef4ce2eedcd4d1abd8e641114bfc6c2867f49f3c41facf65bf19f5e"},
    {file = "dill-0.3.7.tar.gz", hash = "sha256:cc1c8b182eb3013e24bd475ff2e9295af86c1a38eb1aff128dac8962a9ce3c03"},
]

[package.extras]
graph = ["objgraph (>=1.7.2)"]

[[package]]
name = "idna"
version = "3.4"
description = "Internationalized Domain Names in Applications (IDNA)"
optional = false
python-versions = ">=3.5"
files = [
    {file = "idna-3.4-py3-none-any.whl", hash = "sha256:90b77e79eaa3eba6de819a0c442c0b4ceefc341a7a2ab77d7562bf49f425c5c2"},
    {file = "idna-3.4.tar.gz", hash = "sha256:814f528e8dead7d329833b91c5faa87d60bf71824cd12a7530b5526063d02cb4"},
]

[[package]]
name = "isort"
version = "5.12.0"
description = "A Python utility / library to sort Python imports."
optional = false
python-versions = ">=3.8.0"
files = [
    {file = "isort-5.12.0-py3-none-any.whl", hash = "sha256:f84c2818376e66cf843d497486ea8fed8700b340f308f076c6fb1229dff318b6"},
    {file = "isort-5.12.0.tar.gz", hash = "sha256:8bef7dde241278824a6d83f44a544709b065191b95b6e50894bdc722fcba0504"},
]

[package.extras]
colors = ["colorama (>=0.4.3)"]
pipfile-deprecated-finder = ["pip-shims (>=0.5.2)", "pipreqs", "requirementslib"]
plugins = ["setuptools"]
requirements-deprecated-finder = ["pip-api", "pipreqs"]

[[package]]
name = "markdown-it-py"
version = "3.0.0"
description = "Python port of markdown-it. Markdown parsing, done right!"
optional = false
python-versions = ">=3.8"
files = [
    {file = "markdown-it-py-3.0.0.tar.gz", hash = "sha256:e3f60a94fa066dc52ec76661e37c851cb232d92f9886b15cb560aaada2df8feb"},
    {file = "markdown_it_py-3.0.0-py3-none-any.whl", hash = "sha256:355216845c60bd96232cd8d8c40e8f9765cc86f46880e43a8fd22dc1a1a8cab1"},
]

[package.dependencies]
mdurl = ">=0.1,<1.0"

[package.extras]
benchmarking = ["psutil", "pytest", "pytest-benchmark"]
code-style = ["pre-commit (>=3.0,<4.0)"]
compare = ["commonmark (>=0.9,<1.0)", "markdown (>=3.4,<4.0)", "mistletoe (>=1.0,<2.0)", "mistune (>=2.0,<3.0)", "panflute (>=2.3,<3.0)"]
linkify = ["linkify-it-py (>=1,<3)"]
plugins = ["mdit-py-plugins"]
profiling = ["gprof2dot"]
rtd = ["jupyter_sphinx", "mdit-py-plugins", "myst-parser", "pyyaml", "sphinx", "sphinx-copybutton", "sphinx-design", "sphinx_book_theme"]
testing = ["coverage", "pytest", "pytest-cov", "pytest-regressions"]

[[package]]
name = "mccabe"
version = "0.7.0"
description = "McCabe checker, plugin for flake8"
optional = false
python-versions = ">=3.6"
files = [
    {file = "mccabe-0.7.0-py2.py3-none-any.whl", hash = "sha256:6c2d30ab6be0e4a46919781807b4f0d834ebdd6c6e3dca0bda5a15f863427b6e"},
    {file = "mccabe-0.7.0.tar.gz", hash = "sha256:348e0240c33b60bbdf4e523192ef919f28cb2c3d7d5c7794f74009290f236325"},
]

[[package]]
name = "mdurl"
version = "0.1.2"
description = "Markdown URL utilities"
optional = false
python-versions = ">=3.7"
files = [
    {file = "mdurl-0.1.2-py3-none-any.whl", hash = "sha256:84008a41e51615a49fc9966191ff91509e3c40b939176e643fd50a5c2196b8f8"},
    {file = "mdurl-0.1.2.tar.gz", hash = "sha256:bb413d29f5eea38f31dd4754dd7377d4465116fb207585f97bf925588687c1ba"},
]

[[package]]
name = "mypy-extensions"
version = "1.0.0"
description = "Type system extensions for programs checked with the mypy type checker."
optional = false
python-versions = ">=3.5"
files = [
    {file = "mypy_extensions-1.0.0-py3-none-any.whl", hash = "sha256:4392f6c0eb8a5668a69e23d168ffa70f0be9ccfd32b5cc2d26a34ae5b844552d"},
    {file = "mypy_extensions-1.0.0.tar.gz", hash = "sha256:75dbf8955dc00442a438fc4d0666508a9a97b6bd41aa2f0ffe9d2f2725af0782"},
]

[[package]]
name = "packaging"
version = "23.2"
description = "Core utilities for Python packages"
optional = false
python-versions = ">=3.7"
files = [
    {file = "packaging-23.2-py3-none-any.whl", hash = "sha256:8c491190033a9af7e1d931d0b5dacc2ef47509b34dd0de67ed209b5203fc88c7"},
    {file = "packaging-23.2.tar.gz", hash = "sha256:048fb0e9405036518eaaf48a55953c750c11e1a1b68e0dd1a9d62ed0c092cfc5"},
]

[[package]]
name = "pathspec"
version = "0.11.2"
description = "Utility library for gitignore style pattern matching of file paths."
optional = false
python-versions = ">=3.7"
files = [
    {file = "pathspec-0.11.2-py3-none-any.whl", hash = "sha256:1d6ed233af05e679efb96b1851550ea95bbb64b7c490b0f5aa52996c11e92a20"},
    {file = "pathspec-0.11.2.tar.gz", hash = "sha256:e0d8d0ac2f12da61956eb2306b69f9469b42f4deb0f3cb6ed47b9cce9996ced3"},
]

[[package]]
name = "platformdirs"
version = "3.11.0"
description = "A small Python package for determining appropriate platform-specific dirs, e.g. a \"user data dir\"."
optional = false
python-versions = ">=3.7"
files = [
    {file = "platformdirs-3.11.0-py3-none-any.whl", hash = "sha256:e9d171d00af68be50e9202731309c4e658fd8bc76f55c11c7dd760d023bda68e"},
    {file = "platformdirs-3.11.0.tar.gz", hash = "sha256:cf8ee52a3afdb965072dcc652433e0c7e3e40cf5ea1477cd4b3b1d2eb75495b3"},
]

[package.extras]
docs = ["furo (>=2023.7.26)", "proselint (>=0.13)", "sphinx (>=7.1.1)", "sphinx-autodoc-typehints (>=1.24)"]
test = ["appdirs (==1.4.4)", "covdefaults (>=2.3)", "pytest (>=7.4)", "pytest-cov (>=4.1)", "pytest-mock (>=3.11.1)"]

[[package]]
name = "pygments"
version = "2.16.1"
description = "Pygments is a syntax highlighting package written in Python."
optional = false
python-versions = ">=3.7"
files = [
    {file = "Pygments-2.16.1-py3-none-any.whl", hash = "sha256:13fc09fa63bc8d8671a6d247e1eb303c4b343eaee81d861f3404db2935653692"},
    {file = "Pygments-2.16.1.tar.gz", hash = "sha256:1daff0494820c69bc8941e407aa20f577374ee88364ee10a98fdbe0aece96e29"},
]

[package.extras]
plugins = ["importlib-metadata"]

[[package]]
name = "pyjson5"
version = "1.6.4"
description = "JSON5 serializer and parser for Python 3 written in Cython."
optional = false
python-versions = "~=3.5"
files = [
    {file = "pyjson5-1.6.4-cp310-cp310-macosx_10_9_x86_64.whl", hash = "sha256:81f8d30fce7fa7742296b97330e288a7df6cb82073af4b69991911417def58f4"},
    {file = "pyjson5-1.6.4-cp310-cp310-manylinux_2_17_aarch64.manylinux2014_aarch64.whl", hash = "sha256:706729996fd3af13e369d32defec07da74d7c5840d5144ba5315656564de0392"},
    {file = "pyjson5-1.6.4-cp310-cp310-manylinux_2_17_ppc64le.manylinux2014_ppc64le.whl", hash = "sha256:028758f37c907698e35ab410b1a1620e97a3de967e131c34a6a216bcc9721471"},
    {file = "pyjson5-1.6.4-cp310-cp310-manylinux_2_17_s390x.manylinux2014_s390x.whl", hash = "sha256:4872da0daa57cec5429b7495d84c252198eec3d54370cfea6fe00bec1570ebf6"},
    {file = "pyjson5-1.6.4-cp310-cp310-manylinux_2_17_x86_64.manylinux2014_x86_64.whl", hash = "sha256:a9c1e457ee9949ab4da6e45635c9764692123d4c6439bd67f8437a7c3398bb1b"},
    {file = "pyjson5-1.6.4-cp310-cp310-manylinux_2_5_i686.manylinux1_i686.manylinux_2_17_i686.manylinux2014_i686.whl", hash = "sha256:8d2f105e894aaa1046406790d72393bae5d6cb15e5ee70e94dedb52b612e084c"},
    {file = "pyjson5-1.6.4-cp310-cp310-musllinux_1_1_aarch64.whl", hash = "sha256:b70b359439958a5340141a303b46431b8c683c3e6404035785a9dcd19a6ca966"},
    {file = "pyjson5-1.6.4-cp310-cp310-musllinux_1_1_i686.whl", hash = "sha256:71f800376e530898c8bd04490f965950ece81b5f038c427d208a9ab64ebff815"},
    {file = "pyjson5-1.6.4-cp310-cp310-musllinux_1_1_ppc64le.whl", hash = "sha256:167550e2679c876485d25de04971be5c21f4a23d868504920a6a1a36b86d02fc"},
    {file = "pyjson5-1.6.4-cp310-cp310-musllinux_1_1_s390x.whl", hash = "sha256:41d044f46b80a7645bcf6486fd7509878a47f21328cef477a87fe0d0b8e27163"},
    {file = "pyjson5-1.6.4-cp310-cp310-musllinux_1_1_x86_64.whl", hash = "sha256:aa1bf4eae0d1bbb60db07457b75b29e2b51c8c2180538a995ea1513d01028061"},
    {file = "pyjson5-1.6.4-cp310-cp310-win32.whl", hash = "sha256:921cc2f99af1595216ca1c078f6279792eb1b28783a0acc57213b5078d29c5b9"},
    {file = "pyjson5-1.6.4-cp310-cp310-win_amd64.whl", hash = "sha256:44dc43f8223e2ff58fdc51e1f4794615e447a08d742203fe93be065e2daeb5fb"},
    {file = "pyjson5-1.6.4-cp311-cp311-macosx_10_9_x86_64.whl", hash = "sha256:003040f5bf600bbe498cebe6c0630675d4333ce9911cadf3631b9421219e9cc3"},
    {file = "pyjson5-1.6.4-cp311-cp311-manylinux_2_17_aarch64.manylinux2014_aarch64.whl", hash = "sha256:439b7dcddfe4702a8521d74d9c78db3146e6904234a088532ddc5db91710bfb5"},
    {file = "pyjson5-1.6.4-cp311-cp311-manylinux_2_17_ppc64le.manylinux2014_ppc64le.whl", hash = "sha256:4fa740cd672133dc8f32003bd6d8dbc57cbaf60f3dd3cfb30f92c9a65640e93c"},
    {file = "pyjson5-1.6.4-cp311-cp311-manylinux_2_17_s390x.manylinux2014_s390x.whl", hash = "sha256:e2dd209d77e3bb5c5b0dca4fdb0aa73034d75549a7c9f780cfb812133ba94a34"},
    {file = "pyjson5-1.6.4-cp311-cp311-manylinux_2_17_x86_64.manylinux2014_x86_64.whl", hash = "sha256:95954d332093cb66bb4f663da31607770228e3c9a3d3d55d0d8aa9772266f8b2"},
    {file = "pyjson5-1.6.4-cp311-cp311-manylinux_2_5_i686.manylinux1_i686.manylinux_2_17_i686.manylinux2014_i686.whl", hash = "sha256:b7b3ef86d0304521c3191e20761c9e0d958f556d9bc7489d82aad0e2362dda1e"},
    {file = "pyjson5-1.6.4-cp311-cp311-musllinux_1_1_aarch64.whl", hash = "sha256:0e3dd6358f395a8337e2d0b03f9359493bf9fda21f1cd9d10cfa80b9bc74a85a"},
    {file = "pyjson5-1.6.4-cp311-cp311-musllinux_1_1_i686.whl", hash = "sha256:79174109960905f0dea7f1e65a85fc8721fefcfdcffdffaba82406dc9e440a30"},
    {file = "pyjson5-1.6.4-cp311-cp311-musllinux_1_1_ppc64le.whl", hash = "sha256:e7f3c4be2baf0f0254f04f0850bad344df060202d350a014223f3bdfd4af72f9"},
    {file = "pyjson5-1.6.4-cp311-cp311-musllinux_1_1_s390x.whl", hash = "sha256:055d81b42ebcc05c80fee3c3e8e6e2fc79441b1a2682dcb71065b4c806da11e8"},
    {file = "pyjson5-1.6.4-cp311-cp311-musllinux_1_1_x86_64.whl", hash = "sha256:15263d53eefb1ca20eaf9c60d588d76e638af99ae63bdec1db10d390e111b77d"},
    {file = "pyjson5-1.6.4-cp311-cp311-win32.whl", hash = "sha256:ca746c9d52b4aacef35da775e59abdeeb9d536d20a8a90929502740833d5ab1a"},
    {file = "pyjson5-1.6.4-cp311-cp311-win_amd64.whl", hash = "sha256:b80b289b92009c5144e52db16dfc46133c95add282058d55d52c06e7e85514d1"},
    {file = "pyjson5-1.6.4-cp312-cp312-macosx_10_9_x86_64.whl", hash = "sha256:c8a9768dcdc77097d7d2742e1bcffd982d01b2d72a73807d7b4d21ae606237f1"},
    {file = "pyjson5-1.6.4-cp312-cp312-manylinux_2_17_aarch64.manylinux2014_aarch64.whl", hash = "sha256:372c6b05259ef1ed039dbc99a854ac24a43f8d1ea0ce8e344a04d9173ba1116d"},
    {file = "pyjson5-1.6.4-cp312-cp312-manylinux_2_17_ppc64le.manylinux2014_ppc64le.whl", hash = "sha256:99a71c350a1e857e41b2a81b686559a395065b90d54993ae160372ed85d7cacb"},
    {file = "pyjson5-1.6.4-cp312-cp312-manylinux_2_17_s390x.manylinux2014_s390x.whl", hash = "sha256:5614cf5b91bc62adc98f6494557ea53bd62800796a946c97b89e307da7b9ccfa"},
    {file = "pyjson5-1.6.4-cp312-cp312-manylinux_2_17_x86_64.manylinux2014_x86_64.whl", hash = "sha256:ed0073c925dc02cbda1ea1f2bf4f502440fcb51c105803c6d0318e33553ba2e3"},
    {file = "pyjson5-1.6.4-cp312-cp312-manylinux_2_5_i686.manylinux1_i686.manylinux_2_17_i686.manylinux2014_i686.whl", hash = "sha256:6830a9f026162961dd1dbfd3994441cbfda3e80c72060acdf320142126de40df"},
    {file = "pyjson5-1.6.4-cp312-cp312-musllinux_1_1_aarch64.whl", hash = "sha256:05260db8a211d5221e399e6a4d848d23efcc751a8cf0456faa5436df1a775f35"},
    {file = "pyjson5-1.6.4-cp312-cp312-musllinux_1_1_i686.whl", hash = "sha256:638db2e1e63d28448fef41478c6cc1702f62b0dcb90f49743a7c0214143ab8be"},
    {file = "pyjson5-1.6.4-cp312-cp312-musllinux_1_1_ppc64le.whl", hash = "sha256:a89bdc6d13f8286f4d150857b6fb3e232670dadfd44f6a1f8464c18dc2d8dea5"},
    {file = "pyjson5-1.6.4-cp312-cp312-musllinux_1_1_s390x.whl", hash = "sha256:704f24630414bb996963e5e8863b6518a11184f6f578f63a00a86eb149fc9826"},
    {file = "pyjson5-1.6.4-cp312-cp312-musllinux_1_1_x86_64.whl", hash = "sha256:71a2723e3b70fdc14d2b514caf7ad5df3a4b1ed63386de53aecd06998bbb5d81"},
    {file = "pyjson5-1.6.4-cp312-cp312-win32.whl", hash = "sha256:c952e7a62935f9c117303ffed90691377e3383faf4a953ce853bdca37aad7e28"},
    {file = "pyjson5-1.6.4-cp312-cp312-win_amd64.whl", hash = "sha256:bc84d98e4cb64c2f9c64b45eb2ffde404f916d0a360674e1b77803edfe2f457d"},
    {file = "pyjson5-1.6.4-cp36-cp36m-macosx_10_9_x86_64.whl", hash = "sha256:ee8ef9428d180fceb4dd90b0caeb5a3ddca01a7f5ca17f3984a38ac6c50cd4ca"},
    {file = "pyjson5-1.6.4-cp36-cp36m-manylinux_2_17_aarch64.manylinux2014_aarch64.whl", hash = "sha256:324c81af84169c3c23cc4b3bb2b6d75f6c61b22abc9a4327697545469836e230"},
    {file = "pyjson5-1.6.4-cp36-cp36m-manylinux_2_17_ppc64le.manylinux2014_ppc64le.whl", hash = "sha256:1b3645b3bfacc53b69f786855b184185dbd347df209fc9ba9a9974f45a973b9b"},
    {file = "pyjson5-1.6.4-cp36-cp36m-manylinux_2_17_s390x.manylinux2014_s390x.whl", hash = "sha256:16b6783139a64571b4b62afa5ff0caac563fe41fb95da0add1e01edfcd99fa98"},
    {file = "pyjson5-1.6.4-cp36-cp36m-manylinux_2_17_x86_64.manylinux2014_x86_64.whl", hash = "sha256:35564845611192fbd11646e85317298cf3e21770178c2223c002675223dc4431"},
    {file = "pyjson5-1.6.4-cp36-cp36m-manylinux_2_5_i686.manylinux1_i686.manylinux_2_17_i686.manylinux2014_i686.whl", hash = "sha256:1a68726ed4af1e1e9f97420232f03d3fe73f1df0187bce18133d8eb5d8bb600b"},
    {file = "pyjson5-1.6.4-cp36-cp36m-musllinux_1_1_aarch64.whl", hash = "sha256:c2af56df51001e1aebafdd8d8d4680c8922d8d516acb46bd6b35da87fec4cce5"},
    {file = "pyjson5-1.6.4-cp36-cp36m-musllinux_1_1_i686.whl", hash = "sha256:ba82aa9405f1f24805eb0073a7b10016ce2f192cd667e4cb58fc4802477392c6"},
    {file = "pyjson5-1.6.4-cp36-cp36m-musllinux_1_1_ppc64le.whl", hash = "sha256:7029332222ca9462f8eac296034e49ebac4dd630a28256365db3384565aa89ad"},
    {file = "pyjson5-1.6.4-cp36-cp36m-musllinux_1_1_s390x.whl", hash = "sha256:30c037abda717592e2b5de6cb2e067e3dba254c46e7baaec948d539b821e7718"},
    {file = "pyjson5-1.6.4-cp36-cp36m-musllinux_1_1_x86_64.whl", hash = "sha256:e35718c621022b9d8b9f69637b5c9712c173d315ee13c411a2b6908cfb709e85"},
    {file = "pyjson5-1.6.4-cp36-cp36m-win32.whl", hash = "sha256:fce987ed3eaa33efe4a9ae5b5d1e8f70c3a9385cb85bd50ed92b585a7bea8e43"},
    {file = "pyjson5-1.6.4-cp36-cp36m-win_amd64.whl", hash = "sha256:46b2489ef39adeff8bf6c2d34b17fc2644eedd2a858f1dc2a7ec71d226f0a23c"},
    {file = "pyjson5-1.6.4-cp37-cp37m-macosx_10_9_x86_64.whl", hash = "sha256:04554b8e8b94b6c2f888ef22eafea98c0e861b3737594e1de241e8102e7bf1ba"},
    {file = "pyjson5-1.6.4-cp37-cp37m-manylinux_2_17_aarch64.manylinux2014_aarch64.whl", hash = "sha256:173629b88f76affbd748fa284072fc77e3d1943473f032bfca14475ed6eec0a9"},
    {file = "pyjson5-1.6.4-cp37-cp37m-manylinux_2_17_ppc64le.manylinux2014_ppc64le.whl", hash = "sha256:0f710b2f33d3867fcdf8d5fdfc8ec09c799eb066f1e60bdb32fc8ee46a0a643b"},
    {file = "pyjson5-1.6.4-cp37-cp37m-manylinux_2_17_s390x.manylinux2014_s390x.whl", hash = "sha256:6e4d30287dd86c592a40f3411f5a0ef283f40b959eb9f1ccf4f924303db0f51b"},
    {file = "pyjson5-1.6.4-cp37-cp37m-manylinux_2_17_x86_64.manylinux2014_x86_64.whl", hash = "sha256:04ff31f28a9285f017658b9641b91a1684cc787f8f4a89c322000c3c6fefa663"},
    {file = "pyjson5-1.6.4-cp37-cp37m-manylinux_2_5_i686.manylinux1_i686.manylinux_2_17_i686.manylinux2014_i686.whl", hash = "sha256:377808c728c93a5733f5efc426d82e42a2067ac2d6435b284616f75f5c096ff4"},
    {file = "pyjson5-1.6.4-cp37-cp37m-musllinux_1_1_aarch64.whl", hash = "sha256:6f54254f9e34c6693a7c885c3a246dbca307ffc1a3d50335fdf37ce4d2242a13"},
    {file = "pyjson5-1.6.4-cp37-cp37m-musllinux_1_1_i686.whl", hash = "sha256:930771fdf650246e9656fc5d0806b70ec3a9b4660a8a125bc42a8d24a5954343"},
    {file = "pyjson5-1.6.4-cp37-cp37m-musllinux_1_1_ppc64le.whl", hash = "sha256:caf147a350b0a3d9102e98104b18c88d26b38aa9b942f42faea851d45e5194d3"},
    {file = "pyjson5-1.6.4-cp37-cp37m-musllinux_1_1_s390x.whl", hash = "sha256:c10f91e9c0c88fd5da13f54afbb526a0315627210746a4aa21a7b88056dc24c0"},
    {file = "pyjson5-1.6.4-cp37-cp37m-musllinux_1_1_x86_64.whl", hash = "sha256:e9edd7a0cb24bdf8d9ff3437f2c5b1efd70741bc4141d0770c6e035c3ec6d01d"},
    {file = "pyjson5-1.6.4-cp37-cp37m-win32.whl", hash = "sha256:e56a0804b72976f017b7379d0fbcc5c139d82f99f8f511f85a35f1192f742489"},
    {file = "pyjson5-1.6.4-cp37-cp37m-win_amd64.whl", hash = "sha256:00da46d7ddff6299660a0dc8d7fda00150feb42d5ba1ace082542637f171888d"},
    {file = "pyjson5-1.6.4-cp38-cp38-macosx_10_9_x86_64.whl", hash = "sha256:4c2e466f9b86de06ce123061e228b8b152d012a85a06e076274f31e6765c9973"},
    {file = "pyjson5-1.6.4-cp38-cp38-manylinux_2_17_aarch64.manylinux2014_aarch64.whl", hash = "sha256:8d6f77016719714dce69a1023198bcce3640c8df0b7f66e42efde064850bcc12"},
    {file = "pyjson5-1.6.4-cp38-cp38-manylinux_2_17_ppc64le.manylinux2014_ppc64le.whl", hash = "sha256:475835e36c79e2b898afc2ec44d13916856213d01ca4c2f47ebce9f7b347e19c"},
    {file = "pyjson5-1.6.4-cp38-cp38-manylinux_2_17_s390x.manylinux2014_s390x.whl", hash = "sha256:b94aabef2aeed8fe1c7655bd8992963cc47dd106e16146a8eb2b638a1c46da5b"},
    {file = "pyjson5-1.6.4-cp38-cp38-manylinux_2_17_x86_64.manylinux2014_x86_64.whl", hash = "sha256:2a52eeacc8ab78c86cc79f0f6e74614e8fd4d5e751a1d63c41e2a93385706212"},
    {file = "pyjson5-1.6.4-cp38-cp38-manylinux_2_5_i686.manylinux1_i686.manylinux_2_17_i686.manylinux2014_i686.whl", hash = "sha256:904cf3511c742d1922a9a67db40876dd201a45e253cb5a45b96fc50f8b959e6e"},
    {file = "pyjson5-1.6.4-cp38-cp38-musllinux_1_1_aarch64.whl", hash = "sha256:6a6c7104203ea2b7d81f8b1e59293896e55b07cae54787cb72b8335746b32cb1"},
    {file = "pyjson5-1.6.4-cp38-cp38-musllinux_1_1_i686.whl", hash = "sha256:b8465c48ac3933ac0c15e21d12089298d27462a3c26f8f00e848f8e566c20b66"},
    {file = "pyjson5-1.6.4-cp38-cp38-musllinux_1_1_ppc64le.whl", hash = "sha256:14f7069b01212fed4031caba3a77a1f6c59386562bd37ed2a779c1d95b14adb0"},
    {file = "pyjson5-1.6.4-cp38-cp38-musllinux_1_1_s390x.whl", hash = "sha256:0b9a9e4af14299f829a758e7be0d4d483104d6e47378dd31f7d2c46caf401977"},
    {file = "pyjson5-1.6.4-cp38-cp38-musllinux_1_1_x86_64.whl", hash = "sha256:1d436b4d9e99bf5b04b916c850a4ad4c46e38c6ffe115d21332869e3b9f5acff"},
    {file = "pyjson5-1.6.4-cp38-cp38-win32.whl", hash = "sha256:d9a2bd16a3246c2704f2f20a97495a991685bbd387e3960cad700cdc7c7f9f26"},
    {file = "pyjson5-1.6.4-cp38-cp38-win_amd64.whl", hash = "sha256:46a31a13e5f2eb9c4fabd5cee9384c76eabfa6e773c895872ee25227c4803589"},
    {file = "pyjson5-1.6.4-cp39-cp39-macosx_10_9_x86_64.whl", hash = "sha256:b62ec9860147a0e8e0568a94e9bb34b14a9786ad2cb7927c83a9e58dbdcc715f"},
    {file = "pyjson5-1.6.4-cp39-cp39-manylinux_2_17_aarch64.manylinux2014_aarch64.whl", hash = "sha256:72b973258efea4e5c5b028cd3e90f1baba44ec8e28ec5134fc90e260f09f6be2"},
    {file = "pyjson5-1.6.4-cp39-cp39-manylinux_2_17_ppc64le.manylinux2014_ppc64le.whl", hash = "sha256:8a92f8d891994f9096e058604f1d969eb5a9cd20db7b70d134e0388015a13214"},
    {file = "pyjson5-1.6.4-cp39-cp39-manylinux_2_17_s390x.manylinux2014_s390x.whl", hash = "sha256:1e1dbbe16cfc7d4d3b93243763129e46486d6a341a842dcc68dc459eff1efef8"},
    {file = "pyjson5-1.6.4-cp39-cp39-manylinux_2_17_x86_64.manylinux2014_x86_64.whl", hash = "sha256:b991e8eb8a543b522d72c7ece22c00b2fc1d00e32ff1243dfb163ff7a2a22af9"},
    {file = "pyjson5-1.6.4-cp39-cp39-manylinux_2_5_i686.manylinux1_i686.manylinux_2_17_i686.manylinux2014_i686.whl", hash = "sha256:ec5022651945b32a679f1cf9825c7b552d26ec8461041210ec7572f8bfc9f2ca"},
    {file = "pyjson5-1.6.4-cp39-cp39-musllinux_1_1_aarch64.whl", hash = "sha256:d32ca3ec90121371f73c52658e472c41458feaf1860781ef73c73d3acbda7dba"},
    {file = "pyjson5-1.6.4-cp39-cp39-musllinux_1_1_i686.whl", hash = "sha256:944884e7fd23a7afe6a07236906e072692a4636074bce144df540891649a468d"},
    {file = "pyjson5-1.6.4-cp39-cp39-musllinux_1_1_ppc64le.whl", hash = "sha256:a5be0df20ce0a08ec6f78823f7aeb4be778a3ae4cdf3bcb1b6d3f3627039c5e1"},
    {file = "pyjson5-1.6.4-cp39-cp39-musllinux_1_1_s390x.whl", hash = "sha256:0d6cf4ec3bb66f1800d6714dae45eb0ea85212cd7311fda3090dbf3135eeef09"},
    {file = "pyjson5-1.6.4-cp39-cp39-musllinux_1_1_x86_64.whl", hash = "sha256:5910060a25b0d16fb69acf6666dac7f9af8ccce194281472283866f5ae069964"},
    {file = "pyjson5-1.6.4-cp39-cp39-win32.whl", hash = "sha256:d28e8243de16e8894d8bf26ae11938481224ecf22cccab0ef8227f74843eb916"},
    {file = "pyjson5-1.6.4-cp39-cp39-win_amd64.whl", hash = "sha256:80dca57131f697a5f5031e9bc9d6aea583421d3625f584e7b73a294724aa98d1"},
    {file = "pyjson5-1.6.4-pp310-pypy310_pp73-macosx_10_9_x86_64.whl", hash = "sha256:25d266f96c954af0a00d766c7d96c576086dfa53b74d3f71a9f287781d4e8b20"},
    {file = "pyjson5-1.6.4-pp310-pypy310_pp73-manylinux_2_17_aarch64.manylinux2014_aarch64.whl", hash = "sha256:973dfe75dac6cab3601674e6ce793e36dc12139e64b86d6cf255677b42d340d2"},
    {file = "pyjson5-1.6.4-pp310-pypy310_pp73-manylinux_2_17_x86_64.manylinux2014_x86_64.whl", hash = "sha256:2906523d57e0921e53ede805bc0bbac905e82862ceb0372d5e9739096debcc2a"},
    {file = "pyjson5-1.6.4-pp310-pypy310_pp73-manylinux_2_5_i686.manylinux1_i686.manylinux_2_17_i686.manylinux2014_i686.whl", hash = "sha256:d284c09fe2bd07ca974e64e947c9ee926b31ae9ec500994a12add42c89733279"},
    {file = "pyjson5-1.6.4-pp310-pypy310_pp73-win_amd64.whl", hash = "sha256:35d8953a301df3089155989a6be68e6fc426e3aad88d6d9e4d97a1da8d00729e"},
    {file = "pyjson5-1.6.4-pp37-pypy37_pp73-macosx_10_9_x86_64.whl", hash = "sha256:b9ce4b44a0bacc456f1c804821468a39845bdfcd338d9f9864494c02a890e4f5"},
    {file = "pyjson5-1.6.4-pp37-pypy37_pp73-manylinux_2_17_aarch64.manylinux2014_aarch64.whl", hash = "sha256:9f397308dffbb6bf9b0fb928453d6d37416851b6413e25dce94752c3a7d32c70"},
    {file = "pyjson5-1.6.4-pp37-pypy37_pp73-manylinux_2_17_x86_64.manylinux2014_x86_64.whl", hash = "sha256:18b116ffedf7458e418106383508c68abd0c0f24e319651006d60e39c79b1e8d"},
    {file = "pyjson5-1.6.4-pp37-pypy37_pp73-manylinux_2_5_i686.manylinux1_i686.manylinux_2_17_i686.manylinux2014_i686.whl", hash = "sha256:ebc2bcf18740520f26dfe2494df927e482fc0e00676f93d32a730589aaf6965f"},
    {file = "pyjson5-1.6.4-pp37-pypy37_pp73-win_amd64.whl", hash = "sha256:d323c3222242e5c22bce33666777507acfef156e68736289444f44f9713d8fee"},
    {file = "pyjson5-1.6.4-pp38-pypy38_pp73-macosx_10_9_x86_64.whl", hash = "sha256:f5433346568e05de0c3a5d377f85143bcf7b1bd1cb6c6fb5302e12ceb24bc3af"},
    {file = "pyjson5-1.6.4-pp38-pypy38_pp73-manylinux_2_17_aarch64.manylinux2014_aarch64.whl", hash = "sha256:7f2633a6e8bc69271baea6563f16b18e542d4ee9c3b9f66201d0a4ca38686eb3"},
    {file = "pyjson5-1.6.4-pp38-pypy38_pp73-manylinux_2_17_x86_64.manylinux2014_x86_64.whl", hash = "sha256:de71315a82e772e71b4c265c7fb43993fdefb4cb9b788aa760beb81ff0113deb"},
    {file = "pyjson5-1.6.4-pp38-pypy38_pp73-manylinux_2_5_i686.manylinux1_i686.manylinux_2_17_i686.manylinux2014_i686.whl", hash = "sha256:0b10a796416ea6c3bc6db7bfd108abc0e34149d2ce5e68f15effaa401929f5c0"},
    {file = "pyjson5-1.6.4-pp38-pypy38_pp73-win_amd64.whl", hash = "sha256:4224c8aa03655309bc4e37f240c03049324e3ca9cf500a27624d1aa10aa2a403"},
    {file = "pyjson5-1.6.4-pp39-pypy39_pp73-macosx_10_9_x86_64.whl", hash = "sha256:23e66c568be56964a33fae39cf945977c679dec85b58c934780d87d80b189e26"},
    {file = "pyjson5-1.6.4-pp39-pypy39_pp73-manylinux_2_17_aarch64.manylinux2014_aarch64.whl", hash = "sha256:04baf868b24daa92f4d13b5c6ce43c93702befac992b77eacf38e934e8ae414e"},
    {file = "pyjson5-1.6.4-pp39-pypy39_pp73-manylinux_2_17_x86_64.manylinux2014_x86_64.whl", hash = "sha256:b31a2d394a20de747eb4cd04ab73648391e7db0f6067e9a35fff03f94608b7e2"},
    {file = "pyjson5-1.6.4-pp39-pypy39_pp73-manylinux_2_5_i686.manylinux1_i686.manylinux_2_17_i686.manylinux2014_i686.whl", hash = "sha256:363e6e11de0248e68d498b73ce7ad3b62b78e72ef30a8341aa3f8a192f64f3bd"},
    {file = "pyjson5-1.6.4-pp39-pypy39_pp73-win_amd64.whl", hash = "sha256:9184257db7ab8af1cfd8422f802f0833d59ba849efc373a144fb35a921d7bf20"},
    {file = "pyjson5-1.6.4.tar.gz", hash = "sha256:83dd3177fb8dc0362745039975fa5f33dbbe7258a52897ed8281182453a1dc67"},
]

[[package]]
name = "pylint"
version = "3.0.2"
description = "python code static checker"
optional = false
python-versions = ">=3.8.0"
files = [
    {file = "pylint-3.0.2-py3-none-any.whl", hash = "sha256:60ed5f3a9ff8b61839ff0348b3624ceeb9e6c2a92c514d81c9cc273da3b6bcda"},
    {file = "pylint-3.0.2.tar.gz", hash = "sha256:0d4c286ef6d2f66c8bfb527a7f8a629009e42c99707dec821a03e1b51a4c1496"},
]

[package.dependencies]
astroid = ">=3.0.1,<=3.1.0-dev0"
colorama = {version = ">=0.4.5", markers = "sys_platform == \"win32\""}
dill = [
    {version = ">=0.2", markers = "python_version < \"3.11\""},
    {version = ">=0.3.7", markers = "python_version >= \"3.12\""},
    {version = ">=0.3.6", markers = "python_version >= \"3.11\" and python_version < \"3.12\""},
]
isort = ">=4.2.5,<6"
mccabe = ">=0.6,<0.8"
platformdirs = ">=2.2.0"
tomli = {version = ">=1.1.0", markers = "python_version < \"3.11\""}
tomlkit = ">=0.10.1"

[package.extras]
spelling = ["pyenchant (>=3.2,<4.0)"]
testutils = ["gitpython (>3)"]

[[package]]
name = "requests"
version = "2.31.0"
description = "Python HTTP for Humans."
optional = false
python-versions = ">=3.7"
files = [
    {file = "requests-2.31.0-py3-none-any.whl", hash = "sha256:58cd2187c01e70e6e26505bca751777aa9f2ee0b7f4300988b709f44e013003f"},
    {file = "requests-2.31.0.tar.gz", hash = "sha256:942c5a758f98d790eaed1a29cb6eefc7ffb0d1cf7af05c3d2791656dbd6ad1e1"},
]

[package.dependencies]
certifi = ">=2017.4.17"
charset-normalizer = ">=2,<4"
idna = ">=2.5,<4"
urllib3 = ">=1.21.1,<3"

[package.extras]
socks = ["PySocks (>=1.5.6,!=1.5.7)"]
use-chardet-on-py3 = ["chardet (>=3.0.2,<6)"]

[[package]]
name = "rich"
version = "13.6.0"
description = "Render rich text, tables, progress bars, syntax highlighting, markdown and more to the terminal"
optional = false
python-versions = ">=3.7.0"
files = [
    {file = "rich-13.6.0-py3-none-any.whl", hash = "sha256:2b38e2fe9ca72c9a00170a1a2d20c63c790d0e10ef1fe35eba76e1e7b1d7d245"},
    {file = "rich-13.6.0.tar.gz", hash = "sha256:5c14d22737e6d5084ef4771b62d5d4363165b403455a30a1c8ca39dc7b644bef"},
]

[package.dependencies]
markdown-it-py = ">=2.2.0"
pygments = ">=2.13.0,<3.0.0"

[package.extras]
jupyter = ["ipywidgets (>=7.5.1,<9)"]

[[package]]
name = "todoist-api-python"
version = "2.1.3"
description = "Official Python SDK for the Todoist REST API."
optional = false
python-versions = ">=3.9,<4.0"
files = [
    {file = "todoist_api_python-2.1.3-py3-none-any.whl", hash = "sha256:7d182ff9d663dddae445ad118cb56ad8596e70a2f0f38bd4ebfa40bbba60fb0a"},
    {file = "todoist_api_python-2.1.3.tar.gz", hash = "sha256:6fcbb48f4432191f7019226b02808e031da84019c5806410bb1d8acdd865d295"},
]

[package.dependencies]
requests = ">=2.26.0,<3.0.0"

[[package]]
name = "tomli"
version = "2.0.1"
description = "A lil' TOML parser"
optional = false
python-versions = ">=3.7"
files = [
    {file = "tomli-2.0.1-py3-none-any.whl", hash = "sha256:939de3e7a6161af0c887ef91b7d41a53e7c5a1ca976325f429cb46ea9bc30ecc"},
    {file = "tomli-2.0.1.tar.gz", hash = "sha256:de526c12914f0c550d15924c62d72abc48d6fe7364aa87328337a31007fe8a4f"},
]

[[package]]
name = "tomlkit"
version = "0.12.1"
description = "Style preserving TOML library"
optional = false
python-versions = ">=3.7"
files = [
    {file = "tomlkit-0.12.1-py3-none-any.whl", hash = "sha256:712cbd236609acc6a3e2e97253dfc52d4c2082982a88f61b640ecf0817eab899"},
    {file = "tomlkit-0.12.1.tar.gz", hash = "sha256:38e1ff8edb991273ec9f6181244a6a391ac30e9f5098e7535640ea6be97a7c86"},
]

[[package]]
name = "typing-extensions"
version = "4.8.0"
description = "Backported and Experimental Type Hints for Python 3.8+"
optional = false
python-versions = ">=3.8"
files = [
    {file = "typing_extensions-4.8.0-py3-none-any.whl", hash = "sha256:8f92fc8806f9a6b641eaa5318da32b44d401efaac0f6678c9bc448ba3605faa0"},
    {file = "typing_extensions-4.8.0.tar.gz", hash = "sha256:df8e4339e9cb77357558cbdbceca33c303714cf861d1eef15e1070055ae8b7ef"},
]

[[package]]
name = "urllib3"
version = "2.0.6"
description = "HTTP library with thread-safe connection pooling, file post, and more."
optional = false
python-versions = ">=3.7"
files = [
    {file = "urllib3-2.0.6-py3-none-any.whl", hash = "sha256:7a7c7003b000adf9e7ca2a377c9688bbc54ed41b985789ed576570342a375cd2"},
    {file = "urllib3-2.0.6.tar.gz", hash = "sha256:b19e1a85d206b56d7df1d5e683df4a7725252a964e3993648dd0fb5a1c157564"},
]

[package.extras]
brotli = ["brotli (>=1.0.9)", "brotlicffi (>=0.8.0)"]
secure = ["certifi", "cryptography (>=1.9)", "idna (>=2.0.0)", "pyopenssl (>=17.1.0)", "urllib3-secure-extra"]
socks = ["pysocks (>=1.5.6,!=1.5.7,<2.0)"]
zstd = ["zstandard (>=0.18.0)"]

[metadata]
lock-version = "2.0"
python-versions = "^3.10"
content-hash = "4538f2518df306c6113a0b92d5307661bb7b37f5007bea761624cb861a139394"
